
Microsoft Visual Studio Solution File, Format Version 12.00
Project("{2150E333-8FDC-42A3-9474-1A3956D46DE8}") = "Common", "Common", "{6BD4D7CC-EA71-4533-BEFE-ED7B8D29934C}"
EndProject
Project("{2150E333-8FDC-42A3-9474-1A3956D46DE8}") = "Source", "Source", "{D3768A61-2413-473A-A5D8-5E057EA3A517}"
EndProject
Project("{2150E333-8FDC-42A3-9474-1A3956D46DE8}") = "Tests", "Tests", "{B28D6FBC-6FDA-4E26-8B9A-EFFB0BD1EC3D}"
EndProject
Project("{2150E333-8FDC-42A3-9474-1A3956D46DE8}") = "Source", "Source", "{F2AE4B27-7A25-43B0-A235-67513274F7A9}"
EndProject
Project("{FAE04EC0-301F-11D3-BF4B-00C04F79EFBC}") = "Host", "Source\Host\Host.csproj", "{2E76637A-CF71-485C-B10C-E68F7EA7A5E3}"
EndProject
Project("{2150E333-8FDC-42A3-9474-1A3956D46DE8}") = "Application", "Application", "{F721EA1F-74E7-4D84-8211-3E17900ECCA6}"
EndProject
Project("{2150E333-8FDC-42A3-9474-1A3956D46DE8}") = "Domain", "Domain", "{C5E643CC-8BF9-4DBD-A839-FF90DC12F4BF}"
EndProject
Project("{2150E333-8FDC-42A3-9474-1A3956D46DE8}") = "Infrastructure", "Infrastructure", "{A641D35C-D29D-4095-816B-40D7D8DC8204}"
EndProject
Project("{FAE04EC0-301F-11D3-BF4B-00C04F79EFBC}") = "Application", "Source\Application\Application\Application.csproj", "{094BAFA8-82D2-4E9E-9AE5-6213536F3505}"
EndProject
Project("{FAE04EC0-301F-11D3-BF4B-00C04F79EFBC}") = "Domain", "Source\Domain\Domain\Domain.csproj", "{3A9B47B8-3942-46E4-9919-9B470B3F7EB4}"
EndProject
Project("{FAE04EC0-301F-11D3-BF4B-00C04F79EFBC}") = "Infrastructure.Database", "Source\Infrastructure\Infrastructure.Database\Infrastructure.Database.csproj", "{197D5B01-3ED4-43D6-9F45-40F1DBE7ADA7}"
EndProject
Project("{FAE04EC0-301F-11D3-BF4B-00C04F79EFBC}") = "Infrastructure.Endpoints", "Source\Infrastructure\Infrastructure.Endpoints\Infrastructure.Endpoints.csproj", "{DC86DA7C-7D8D-42D0-9816-1B2D11F71E4B}"
EndProject
Project("{2150E333-8FDC-42A3-9474-1A3956D46DE8}") = "Tests", "Tests", "{6249B701-1A60-4962-8B0E-6730F5904BE2}"
EndProject
Project("{2150E333-8FDC-42A3-9474-1A3956D46DE8}") = "Application", "Application", "{427E39E0-D294-45AC-9BCC-50A802C24971}"
EndProject
Project("{2150E333-8FDC-42A3-9474-1A3956D46DE8}") = "Domain", "Domain", "{BC3303D4-4A4F-4AC3-9662-5701042C5962}"
EndProject
Project("{2150E333-8FDC-42A3-9474-1A3956D46DE8}") = "Infrastructure", "Infrastructure", "{30BD7491-8A65-4462-85DE-4F40B219FDB8}"
EndProject
Project("{FAE04EC0-301F-11D3-BF4B-00C04F79EFBC}") = "Application.Contracts", "Source\Application\Application.Contracts\Application.Contracts.csproj", "{AF5905BD-A375-4517-9D37-4DBE5E726DD6}"
EndProject
Project("{FAE04EC0-301F-11D3-BF4B-00C04F79EFBC}") = "Common.Host", "Common\Source\Host\Common.Host.csproj", "{E7F3E174-1472-4F3B-A0F0-D8DFAA79FA59}"
EndProject
Project("{FAE04EC0-301F-11D3-BF4B-00C04F79EFBC}") = "Common.Application", "Common\Source\Application\Application\Common.Application.csproj", "{457167A1-A7CB-436D-9428-588FB988B1FF}"
EndProject
Project("{FAE04EC0-301F-11D3-BF4B-00C04F79EFBC}") = "Common.Domain", "Common\Source\Domain\Domain\Common.Domain.csproj", "{01215C97-B2A7-4266-8873-618C03B9EC17}"
EndProject
Project("{FAE04EC0-301F-11D3-BF4B-00C04F79EFBC}") = "Common.Infrastructure.Database.EF", "Common\Source\Infrastructure\Infrastructure.Database.EF\Common.Infrastructure.Database.EF.csproj", "{24616D5F-3606-456A-97BE-6E5547D80B67}"
EndProject
Project("{FAE04EC0-301F-11D3-BF4B-00C04F79EFBC}") = "Common.Infrastructure.Endpoints", "Common\Source\Infrastructure\Infrastructure.Endpoints\Common.Infrastructure.Endpoints.csproj", "{49BBA002-232F-4C76-A2CA-070D9DD29279}"
EndProject
Project("{FAE04EC0-301F-11D3-BF4B-00C04F79EFBC}") = "PublishedLanguage", "Source\PublishedLanguage\PublishedLanguage.csproj", "{60C7E043-50CF-4455-AE68-FE1D5566AD8D}"
EndProject
Project("{FAE04EC0-301F-11D3-BF4B-00C04F79EFBC}") = "Domain.Contracts", "Source\Domain\Domain.Contracts\Domain.Contracts.csproj", "{14BC3F41-DDC2-45E1-81D5-CB412ACBF203}"
EndProject
Project("{FAE04EC0-301F-11D3-BF4B-00C04F79EFBC}") = "Common.Shared", "Common\Source\Shared\Common.Shared.csproj", "{A95407B7-43F9-46F6-B40E-E5622E5CBAC1}"
EndProject
Project("{FAE04EC0-301F-11D3-BF4B-00C04F79EFBC}") = "Common.Application.Contracts", "Common\Source\Application\Application.Contracts\Common.Application.Contracts.csproj", "{3140318D-B80A-42DF-8F14-BE2E3544C8F5}"
EndProject
Project("{2150E333-8FDC-42A3-9474-1A3956D46DE8}") = "ExportedTests", "ExportedTests", "{5A5BCC6B-C2E3-48E3-B92E-7978B9FE5E55}"
EndProject
Project("{FAE04EC0-301F-11D3-BF4B-00C04F79EFBC}") = "Common.GeneralTests", "Common\Source\ExportedTests\GeneralTests\Common.GeneralTests.csproj", "{C55B0C27-75FB-4289-B8A8-0904EE4BB3B1}"
EndProject
Project("{FAE04EC0-301F-11D3-BF4B-00C04F79EFBC}") = "Common.TestsCore", "Common\Source\ExportedTests\TestsCore\Common.TestsCore.csproj", "{DB710436-0C5A-470A-8B40-BC7F82F2744C}"
EndProject
Project("{2150E333-8FDC-42A3-9474-1A3956D46DE8}") = "ExportedTests", "ExportedTests", "{7CFCF9A7-A74B-4096-853A-F2562DA78BAE}"
EndProject
Project("{FAE04EC0-301F-11D3-BF4B-00C04F79EFBC}") = "Common.GeneralTests.Implementation", "Common\Tests\ExportedTests\GeneralTests.Implementation\Common.GeneralTests.Implementation.csproj", "{41A0C15D-1C73-4AB4-9E8F-9D921500CA27}"
EndProject
Project("{FAE04EC0-301F-11D3-BF4B-00C04F79EFBC}") = "Common.Domain.Contracts", "Common\Source\Domain\Domain.Contracts\Common.Domain.Contracts.csproj", "{35CA8DB7-05AF-4FD4-B5BD-D84908EC9509}"
EndProject
Project("{FAE04EC0-301F-11D3-BF4B-00C04F79EFBC}") = "GeneralTests", "Tests\GeneralTests\GeneralTests.csproj", "{143A2A2A-1F9C-4B68-9B80-8EB49A58C9E4}"
EndProject
Project("{FAE04EC0-301F-11D3-BF4B-00C04F79EFBC}") = "Common.Infrastructure.Integration", "Common\Source\Infrastructure\Infrastructure.Integration\Common.Infrastructure.Integration.csproj", "{C9BD1EB9-67A0-4BAC-83A9-7D101B292DF0}"
EndProject
Project("{FAE04EC0-301F-11D3-BF4B-00C04F79EFBC}") = "Infrastructure", "Source\Infrastructure\Infrastructure\Infrastructure.csproj", "{62FC898F-3575-42B4-8B7E-0D30188F67F3}"
EndProject
Project("{2150E333-8FDC-42A3-9474-1A3956D46DE8}") = "Identity", "Identity", "{A4CCE483-A956-4662-A15F-4C5ABCBF5BEC}"
EndProject
Project("{FAE04EC0-301F-11D3-BF4B-00C04F79EFBC}") = "Common.Identity", "Common\Source\Identity\Identity\Common.Identity.csproj", "{8F806D12-6288-41A9-8CD8-9BC3F1641617}"
EndProject
Project("{FAE04EC0-301F-11D3-BF4B-00C04F79EFBC}") = "Common.Identity.EF", "Common\Source\Identity\Identity.EF\Common.Identity.EF.csproj", "{8A963BB1-F4FB-4613-A4B6-879E06D9092E}"
EndProject
Project("{FAE04EC0-301F-11D3-BF4B-00C04F79EFBC}") = "Common.PublishedLanguage", "Common\Source\PublishedLanguage\Common.PublishedLanguage.csproj", "{63DE17A2-60C6-4A9E-9226-C55905EF6F9F}"
EndProject
Global
	GlobalSection(SolutionConfigurationPlatforms) = preSolution
		Debug|Any CPU = Debug|Any CPU
		Release|Any CPU = Release|Any CPU
	EndGlobalSection
	GlobalSection(NestedProjects) = preSolution
		{F2AE4B27-7A25-43B0-A235-67513274F7A9} = {6BD4D7CC-EA71-4533-BEFE-ED7B8D29934C}
		{2E76637A-CF71-485C-B10C-E68F7EA7A5E3} = {D3768A61-2413-473A-A5D8-5E057EA3A517}
		{F721EA1F-74E7-4D84-8211-3E17900ECCA6} = {D3768A61-2413-473A-A5D8-5E057EA3A517}
		{C5E643CC-8BF9-4DBD-A839-FF90DC12F4BF} = {D3768A61-2413-473A-A5D8-5E057EA3A517}
		{A641D35C-D29D-4095-816B-40D7D8DC8204} = {D3768A61-2413-473A-A5D8-5E057EA3A517}
		{094BAFA8-82D2-4E9E-9AE5-6213536F3505} = {F721EA1F-74E7-4D84-8211-3E17900ECCA6}
		{3A9B47B8-3942-46E4-9919-9B470B3F7EB4} = {C5E643CC-8BF9-4DBD-A839-FF90DC12F4BF}
		{197D5B01-3ED4-43D6-9F45-40F1DBE7ADA7} = {A641D35C-D29D-4095-816B-40D7D8DC8204}
		{DC86DA7C-7D8D-42D0-9816-1B2D11F71E4B} = {A641D35C-D29D-4095-816B-40D7D8DC8204}
		{6249B701-1A60-4962-8B0E-6730F5904BE2} = {6BD4D7CC-EA71-4533-BEFE-ED7B8D29934C}
		{427E39E0-D294-45AC-9BCC-50A802C24971} = {F2AE4B27-7A25-43B0-A235-67513274F7A9}
		{BC3303D4-4A4F-4AC3-9662-5701042C5962} = {F2AE4B27-7A25-43B0-A235-67513274F7A9}
		{30BD7491-8A65-4462-85DE-4F40B219FDB8} = {F2AE4B27-7A25-43B0-A235-67513274F7A9}
		{AF5905BD-A375-4517-9D37-4DBE5E726DD6} = {F721EA1F-74E7-4D84-8211-3E17900ECCA6}
		{E7F3E174-1472-4F3B-A0F0-D8DFAA79FA59} = {F2AE4B27-7A25-43B0-A235-67513274F7A9}
		{457167A1-A7CB-436D-9428-588FB988B1FF} = {427E39E0-D294-45AC-9BCC-50A802C24971}
		{01215C97-B2A7-4266-8873-618C03B9EC17} = {BC3303D4-4A4F-4AC3-9662-5701042C5962}
		{24616D5F-3606-456A-97BE-6E5547D80B67} = {30BD7491-8A65-4462-85DE-4F40B219FDB8}
		{49BBA002-232F-4C76-A2CA-070D9DD29279} = {30BD7491-8A65-4462-85DE-4F40B219FDB8}
		{60C7E043-50CF-4455-AE68-FE1D5566AD8D} = {D3768A61-2413-473A-A5D8-5E057EA3A517}
		{14BC3F41-DDC2-45E1-81D5-CB412ACBF203} = {C5E643CC-8BF9-4DBD-A839-FF90DC12F4BF}
		{A95407B7-43F9-46F6-B40E-E5622E5CBAC1} = {F2AE4B27-7A25-43B0-A235-67513274F7A9}
		{3140318D-B80A-42DF-8F14-BE2E3544C8F5} = {427E39E0-D294-45AC-9BCC-50A802C24971}
		{5A5BCC6B-C2E3-48E3-B92E-7978B9FE5E55} = {F2AE4B27-7A25-43B0-A235-67513274F7A9}
		{C55B0C27-75FB-4289-B8A8-0904EE4BB3B1} = {5A5BCC6B-C2E3-48E3-B92E-7978B9FE5E55}
		{DB710436-0C5A-470A-8B40-BC7F82F2744C} = {5A5BCC6B-C2E3-48E3-B92E-7978B9FE5E55}
		{7CFCF9A7-A74B-4096-853A-F2562DA78BAE} = {6249B701-1A60-4962-8B0E-6730F5904BE2}
		{41A0C15D-1C73-4AB4-9E8F-9D921500CA27} = {7CFCF9A7-A74B-4096-853A-F2562DA78BAE}
		{35CA8DB7-05AF-4FD4-B5BD-D84908EC9509} = {BC3303D4-4A4F-4AC3-9662-5701042C5962}
		{143A2A2A-1F9C-4B68-9B80-8EB49A58C9E4} = {B28D6FBC-6FDA-4E26-8B9A-EFFB0BD1EC3D}
		{C9BD1EB9-67A0-4BAC-83A9-7D101B292DF0} = {30BD7491-8A65-4462-85DE-4F40B219FDB8}
		{62FC898F-3575-42B4-8B7E-0D30188F67F3} = {A641D35C-D29D-4095-816B-40D7D8DC8204}
		{A4CCE483-A956-4662-A15F-4C5ABCBF5BEC} = {F2AE4B27-7A25-43B0-A235-67513274F7A9}
		{8F806D12-6288-41A9-8CD8-9BC3F1641617} = {A4CCE483-A956-4662-A15F-4C5ABCBF5BEC}
		{8A963BB1-F4FB-4613-A4B6-879E06D9092E} = {A4CCE483-A956-4662-A15F-4C5ABCBF5BEC}
		{63DE17A2-60C6-4A9E-9226-C55905EF6F9F} = {F2AE4B27-7A25-43B0-A235-67513274F7A9}
	EndGlobalSection
	GlobalSection(ProjectConfigurationPlatforms) = postSolution
		{2E76637A-CF71-485C-B10C-E68F7EA7A5E3}.Debug|Any CPU.ActiveCfg = Debug|Any CPU
		{2E76637A-CF71-485C-B10C-E68F7EA7A5E3}.Debug|Any CPU.Build.0 = Debug|Any CPU
		{2E76637A-CF71-485C-B10C-E68F7EA7A5E3}.Release|Any CPU.ActiveCfg = Release|Any CPU
		{2E76637A-CF71-485C-B10C-E68F7EA7A5E3}.Release|Any CPU.Build.0 = Release|Any CPU
		{094BAFA8-82D2-4E9E-9AE5-6213536F3505}.Debug|Any CPU.ActiveCfg = Debug|Any CPU
		{094BAFA8-82D2-4E9E-9AE5-6213536F3505}.Debug|Any CPU.Build.0 = Debug|Any CPU
		{094BAFA8-82D2-4E9E-9AE5-6213536F3505}.Release|Any CPU.ActiveCfg = Release|Any CPU
		{094BAFA8-82D2-4E9E-9AE5-6213536F3505}.Release|Any CPU.Build.0 = Release|Any CPU
		{3A9B47B8-3942-46E4-9919-9B470B3F7EB4}.Debug|Any CPU.ActiveCfg = Debug|Any CPU
		{3A9B47B8-3942-46E4-9919-9B470B3F7EB4}.Debug|Any CPU.Build.0 = Debug|Any CPU
		{3A9B47B8-3942-46E4-9919-9B470B3F7EB4}.Release|Any CPU.ActiveCfg = Release|Any CPU
		{3A9B47B8-3942-46E4-9919-9B470B3F7EB4}.Release|Any CPU.Build.0 = Release|Any CPU
		{197D5B01-3ED4-43D6-9F45-40F1DBE7ADA7}.Debug|Any CPU.ActiveCfg = Debug|Any CPU
		{197D5B01-3ED4-43D6-9F45-40F1DBE7ADA7}.Debug|Any CPU.Build.0 = Debug|Any CPU
		{197D5B01-3ED4-43D6-9F45-40F1DBE7ADA7}.Release|Any CPU.ActiveCfg = Release|Any CPU
		{197D5B01-3ED4-43D6-9F45-40F1DBE7ADA7}.Release|Any CPU.Build.0 = Release|Any CPU
		{DC86DA7C-7D8D-42D0-9816-1B2D11F71E4B}.Debug|Any CPU.ActiveCfg = Debug|Any CPU
		{DC86DA7C-7D8D-42D0-9816-1B2D11F71E4B}.Debug|Any CPU.Build.0 = Debug|Any CPU
		{DC86DA7C-7D8D-42D0-9816-1B2D11F71E4B}.Release|Any CPU.ActiveCfg = Release|Any CPU
		{DC86DA7C-7D8D-42D0-9816-1B2D11F71E4B}.Release|Any CPU.Build.0 = Release|Any CPU
		{AF5905BD-A375-4517-9D37-4DBE5E726DD6}.Debug|Any CPU.ActiveCfg = Debug|Any CPU
		{AF5905BD-A375-4517-9D37-4DBE5E726DD6}.Debug|Any CPU.Build.0 = Debug|Any CPU
		{AF5905BD-A375-4517-9D37-4DBE5E726DD6}.Release|Any CPU.ActiveCfg = Release|Any CPU
		{AF5905BD-A375-4517-9D37-4DBE5E726DD6}.Release|Any CPU.Build.0 = Release|Any CPU
		{E7F3E174-1472-4F3B-A0F0-D8DFAA79FA59}.Debug|Any CPU.ActiveCfg = Debug|Any CPU
		{E7F3E174-1472-4F3B-A0F0-D8DFAA79FA59}.Debug|Any CPU.Build.0 = Debug|Any CPU
		{E7F3E174-1472-4F3B-A0F0-D8DFAA79FA59}.Release|Any CPU.ActiveCfg = Release|Any CPU
		{E7F3E174-1472-4F3B-A0F0-D8DFAA79FA59}.Release|Any CPU.Build.0 = Release|Any CPU
		{457167A1-A7CB-436D-9428-588FB988B1FF}.Debug|Any CPU.ActiveCfg = Debug|Any CPU
		{457167A1-A7CB-436D-9428-588FB988B1FF}.Debug|Any CPU.Build.0 = Debug|Any CPU
		{457167A1-A7CB-436D-9428-588FB988B1FF}.Release|Any CPU.ActiveCfg = Release|Any CPU
		{457167A1-A7CB-436D-9428-588FB988B1FF}.Release|Any CPU.Build.0 = Release|Any CPU
		{01215C97-B2A7-4266-8873-618C03B9EC17}.Debug|Any CPU.ActiveCfg = Debug|Any CPU
		{01215C97-B2A7-4266-8873-618C03B9EC17}.Debug|Any CPU.Build.0 = Debug|Any CPU
		{01215C97-B2A7-4266-8873-618C03B9EC17}.Release|Any CPU.ActiveCfg = Release|Any CPU
		{01215C97-B2A7-4266-8873-618C03B9EC17}.Release|Any CPU.Build.0 = Release|Any CPU
		{24616D5F-3606-456A-97BE-6E5547D80B67}.Debug|Any CPU.ActiveCfg = Debug|Any CPU
		{24616D5F-3606-456A-97BE-6E5547D80B67}.Debug|Any CPU.Build.0 = Debug|Any CPU
		{24616D5F-3606-456A-97BE-6E5547D80B67}.Release|Any CPU.ActiveCfg = Release|Any CPU
		{24616D5F-3606-456A-97BE-6E5547D80B67}.Release|Any CPU.Build.0 = Release|Any CPU
		{49BBA002-232F-4C76-A2CA-070D9DD29279}.Debug|Any CPU.ActiveCfg = Debug|Any CPU
		{49BBA002-232F-4C76-A2CA-070D9DD29279}.Debug|Any CPU.Build.0 = Debug|Any CPU
		{49BBA002-232F-4C76-A2CA-070D9DD29279}.Release|Any CPU.ActiveCfg = Release|Any CPU
		{49BBA002-232F-4C76-A2CA-070D9DD29279}.Release|Any CPU.Build.0 = Release|Any CPU
		{60C7E043-50CF-4455-AE68-FE1D5566AD8D}.Debug|Any CPU.ActiveCfg = Debug|Any CPU
		{60C7E043-50CF-4455-AE68-FE1D5566AD8D}.Debug|Any CPU.Build.0 = Debug|Any CPU
		{60C7E043-50CF-4455-AE68-FE1D5566AD8D}.Release|Any CPU.ActiveCfg = Release|Any CPU
		{60C7E043-50CF-4455-AE68-FE1D5566AD8D}.Release|Any CPU.Build.0 = Release|Any CPU
		{14BC3F41-DDC2-45E1-81D5-CB412ACBF203}.Debug|Any CPU.ActiveCfg = Debug|Any CPU
		{14BC3F41-DDC2-45E1-81D5-CB412ACBF203}.Debug|Any CPU.Build.0 = Debug|Any CPU
		{14BC3F41-DDC2-45E1-81D5-CB412ACBF203}.Release|Any CPU.ActiveCfg = Release|Any CPU
		{14BC3F41-DDC2-45E1-81D5-CB412ACBF203}.Release|Any CPU.Build.0 = Release|Any CPU
		{A95407B7-43F9-46F6-B40E-E5622E5CBAC1}.Debug|Any CPU.ActiveCfg = Debug|Any CPU
		{A95407B7-43F9-46F6-B40E-E5622E5CBAC1}.Debug|Any CPU.Build.0 = Debug|Any CPU
		{A95407B7-43F9-46F6-B40E-E5622E5CBAC1}.Release|Any CPU.ActiveCfg = Release|Any CPU
		{A95407B7-43F9-46F6-B40E-E5622E5CBAC1}.Release|Any CPU.Build.0 = Release|Any CPU
		{3140318D-B80A-42DF-8F14-BE2E3544C8F5}.Debug|Any CPU.ActiveCfg = Debug|Any CPU
		{3140318D-B80A-42DF-8F14-BE2E3544C8F5}.Debug|Any CPU.Build.0 = Debug|Any CPU
		{3140318D-B80A-42DF-8F14-BE2E3544C8F5}.Release|Any CPU.ActiveCfg = Release|Any CPU
		{3140318D-B80A-42DF-8F14-BE2E3544C8F5}.Release|Any CPU.Build.0 = Release|Any CPU
		{C55B0C27-75FB-4289-B8A8-0904EE4BB3B1}.Debug|Any CPU.ActiveCfg = Debug|Any CPU
		{C55B0C27-75FB-4289-B8A8-0904EE4BB3B1}.Debug|Any CPU.Build.0 = Debug|Any CPU
		{C55B0C27-75FB-4289-B8A8-0904EE4BB3B1}.Release|Any CPU.ActiveCfg = Release|Any CPU
		{C55B0C27-75FB-4289-B8A8-0904EE4BB3B1}.Release|Any CPU.Build.0 = Release|Any CPU
		{DB710436-0C5A-470A-8B40-BC7F82F2744C}.Debug|Any CPU.ActiveCfg = Debug|Any CPU
		{DB710436-0C5A-470A-8B40-BC7F82F2744C}.Debug|Any CPU.Build.0 = Debug|Any CPU
		{DB710436-0C5A-470A-8B40-BC7F82F2744C}.Release|Any CPU.ActiveCfg = Release|Any CPU
		{DB710436-0C5A-470A-8B40-BC7F82F2744C}.Release|Any CPU.Build.0 = Release|Any CPU
		{41A0C15D-1C73-4AB4-9E8F-9D921500CA27}.Debug|Any CPU.ActiveCfg = Debug|Any CPU
		{41A0C15D-1C73-4AB4-9E8F-9D921500CA27}.Debug|Any CPU.Build.0 = Debug|Any CPU
		{41A0C15D-1C73-4AB4-9E8F-9D921500CA27}.Release|Any CPU.ActiveCfg = Release|Any CPU
		{41A0C15D-1C73-4AB4-9E8F-9D921500CA27}.Release|Any CPU.Build.0 = Release|Any CPU
		{35CA8DB7-05AF-4FD4-B5BD-D84908EC9509}.Debug|Any CPU.ActiveCfg = Debug|Any CPU
		{35CA8DB7-05AF-4FD4-B5BD-D84908EC9509}.Debug|Any CPU.Build.0 = Debug|Any CPU
		{35CA8DB7-05AF-4FD4-B5BD-D84908EC9509}.Release|Any CPU.ActiveCfg = Release|Any CPU
		{35CA8DB7-05AF-4FD4-B5BD-D84908EC9509}.Release|Any CPU.Build.0 = Release|Any CPU
		{143A2A2A-1F9C-4B68-9B80-8EB49A58C9E4}.Debug|Any CPU.ActiveCfg = Debug|Any CPU
		{143A2A2A-1F9C-4B68-9B80-8EB49A58C9E4}.Debug|Any CPU.Build.0 = Debug|Any CPU
		{143A2A2A-1F9C-4B68-9B80-8EB49A58C9E4}.Release|Any CPU.ActiveCfg = Release|Any CPU
		{143A2A2A-1F9C-4B68-9B80-8EB49A58C9E4}.Release|Any CPU.Build.0 = Release|Any CPU
		{C9BD1EB9-67A0-4BAC-83A9-7D101B292DF0}.Debug|Any CPU.ActiveCfg = Debug|Any CPU
		{C9BD1EB9-67A0-4BAC-83A9-7D101B292DF0}.Debug|Any CPU.Build.0 = Debug|Any CPU
		{C9BD1EB9-67A0-4BAC-83A9-7D101B292DF0}.Release|Any CPU.ActiveCfg = Release|Any CPU
		{C9BD1EB9-67A0-4BAC-83A9-7D101B292DF0}.Release|Any CPU.Build.0 = Release|Any CPU
		{62FC898F-3575-42B4-8B7E-0D30188F67F3}.Debug|Any CPU.ActiveCfg = Debug|Any CPU
		{62FC898F-3575-42B4-8B7E-0D30188F67F3}.Debug|Any CPU.Build.0 = Debug|Any CPU
		{62FC898F-3575-42B4-8B7E-0D30188F67F3}.Release|Any CPU.ActiveCfg = Release|Any CPU
		{62FC898F-3575-42B4-8B7E-0D30188F67F3}.Release|Any CPU.Build.0 = Release|Any CPU
		{8F806D12-6288-41A9-8CD8-9BC3F1641617}.Debug|Any CPU.ActiveCfg = Debug|Any CPU
		{8F806D12-6288-41A9-8CD8-9BC3F1641617}.Debug|Any CPU.Build.0 = Debug|Any CPU
		{8F806D12-6288-41A9-8CD8-9BC3F1641617}.Release|Any CPU.ActiveCfg = Release|Any CPU
		{8F806D12-6288-41A9-8CD8-9BC3F1641617}.Release|Any CPU.Build.0 = Release|Any CPU
		{8A963BB1-F4FB-4613-A4B6-879E06D9092E}.Debug|Any CPU.ActiveCfg = Debug|Any CPU
		{8A963BB1-F4FB-4613-A4B6-879E06D9092E}.Debug|Any CPU.Build.0 = Debug|Any CPU
		{8A963BB1-F4FB-4613-A4B6-879E06D9092E}.Release|Any CPU.ActiveCfg = Release|Any CPU
		{8A963BB1-F4FB-4613-A4B6-879E06D9092E}.Release|Any CPU.Build.0 = Release|Any CPU
		{63DE17A2-60C6-4A9E-9226-C55905EF6F9F}.Debug|Any CPU.ActiveCfg = Debug|Any CPU
		{63DE17A2-60C6-4A9E-9226-C55905EF6F9F}.Debug|Any CPU.Build.0 = Debug|Any CPU
		{63DE17A2-60C6-4A9E-9226-C55905EF6F9F}.Release|Any CPU.ActiveCfg = Release|Any CPU
		{63DE17A2-60C6-4A9E-9226-C55905EF6F9F}.Release|Any CPU.Build.0 = Release|Any CPU
	EndGlobalSection
EndGlobal
